# This file is automatically @generated by Cargo.
# It is not intended for manual editing.
version = 3

[[package]]
name = "anstream"
version = "0.6.14"
source = "registry+https://github.com/rust-lang/crates.io-index"
checksum = "418c75fa768af9c03be99d17643f93f79bbba589895012a80e3452a19ddda15b"
dependencies = [
 "anstyle",
 "anstyle-parse",
 "anstyle-query",
 "anstyle-wincon",
 "colorchoice",
 "is_terminal_polyfill",
 "utf8parse",
]

[[package]]
name = "anstyle"
version = "1.0.7"
source = "registry+https://github.com/rust-lang/crates.io-index"
checksum = "038dfcf04a5feb68e9c60b21c9625a54c2c0616e79b72b0fd87075a056ae1d1b"

[[package]]
name = "anstyle-parse"
version = "0.2.4"
source = "registry+https://github.com/rust-lang/crates.io-index"
checksum = "c03a11a9034d92058ceb6ee011ce58af4a9bf61491aa7e1e59ecd24bd40d22d4"
dependencies = [
 "utf8parse",
]

[[package]]
name = "anstyle-query"
version = "1.0.3"
source = "registry+https://github.com/rust-lang/crates.io-index"
checksum = "a64c907d4e79225ac72e2a354c9ce84d50ebb4586dee56c82b3ee73004f537f5"
dependencies = [
 "windows-sys 0.52.0",
]

[[package]]
name = "anstyle-wincon"
version = "3.0.3"
source = "registry+https://github.com/rust-lang/crates.io-index"
checksum = "61a38449feb7068f52bb06c12759005cf459ee52bb4adc1d5a7c4322d716fb19"
dependencies = [
 "anstyle",
 "windows-sys 0.52.0",
]

[[package]]
name = "anyhow"
version = "1.0.82"
source = "registry+https://github.com/rust-lang/crates.io-index"
checksum = "f538837af36e6f6a9be0faa67f9a314f8119e4e4b5867c6ab40ed60360142519"

[[package]]
name = "beef"
version = "0.5.2"
source = "registry+https://github.com/rust-lang/crates.io-index"
checksum = "3a8241f3ebb85c056b509d4327ad0358fbbba6ffb340bf388f26350aeda225b1"

[[package]]
name = "bitflags"
version = "2.6.0"
source = "registry+https://github.com/rust-lang/crates.io-index"
checksum = "b048fb63fd8b5923fc5aa7b340d8e156aec7ec02f0c78fa8a6ddc2613f6f71de"

[[package]]
name = "cfg-if"
version = "1.0.0"
source = "registry+https://github.com/rust-lang/crates.io-index"
checksum = "baf1de4339761588bc0619e3cbc0120ee582ebb74b53b4efbf79117bd2da40fd"

[[package]]
name = "clap"
version = "4.5.4"
source = "registry+https://github.com/rust-lang/crates.io-index"
checksum = "90bc066a67923782aa8515dbaea16946c5bcc5addbd668bb80af688e53e548a0"
dependencies = [
 "clap_builder",
 "clap_derive",
]

[[package]]
name = "clap_builder"
version = "4.5.2"
source = "registry+https://github.com/rust-lang/crates.io-index"
checksum = "ae129e2e766ae0ec03484e609954119f123cc1fe650337e155d03b022f24f7b4"
dependencies = [
 "anstream",
 "anstyle",
 "clap_lex",
 "strsim",
]

[[package]]
name = "clap_derive"
version = "4.5.4"
source = "registry+https://github.com/rust-lang/crates.io-index"
checksum = "528131438037fd55894f62d6e9f068b8f45ac57ffa77517819645d10aed04f64"
dependencies = [
 "heck",
 "proc-macro2",
 "quote",
 "syn",
]

[[package]]
name = "clap_lex"
version = "0.7.0"
source = "registry+https://github.com/rust-lang/crates.io-index"
checksum = "98cc8fbded0c607b7ba9dd60cd98df59af97e84d24e49c8557331cfc26d301ce"

[[package]]
name = "colorchoice"
version = "1.0.1"
source = "registry+https://github.com/rust-lang/crates.io-index"
checksum = "0b6a852b24ab71dffc585bcb46eaf7959d175cb865a7152e35b348d1b2960422"

[[package]]
name = "deimos"
version = "0.1.0"
dependencies = [
 "anyhow",
 "clap",
 "logos",
 "serde",
 "serde_yml",
 "thiserror",
]

[[package]]
name = "equivalent"
version = "1.0.1"
source = "registry+https://github.com/rust-lang/crates.io-index"
checksum = "5443807d6dff69373d433ab9ef5378ad8df50ca6298caf15de6e52e24aaf54d5"

[[package]]
name = "errno"
version = "0.3.9"
source = "registry+https://github.com/rust-lang/crates.io-index"
checksum = "534c5cf6194dfab3db3242765c03bbe257cf92f22b38f6bc0c58d59108a820ba"
dependencies = [
 "libc",
 "windows-sys 0.52.0",
]

[[package]]
name = "fastrand"
version = "2.1.0"
source = "registry+https://github.com/rust-lang/crates.io-index"
checksum = "9fc0510504f03c51ada170672ac806f1f105a88aa97a5281117e1ddc3368e51a"

[[package]]
name = "fnv"
version = "1.0.7"
source = "registry+https://github.com/rust-lang/crates.io-index"
checksum = "3f9eec918d3f24069decb9af1554cad7c880e2da24a9afd88aca000531ab82c1"

[[package]]
name = "hashbrown"
version = "0.14.5"
source = "registry+https://github.com/rust-lang/crates.io-index"
checksum = "e5274423e17b7c9fc20b6e7e208532f9b19825d82dfd615708b70edd83df41f1"

[[package]]
name = "heck"
version = "0.5.0"
source = "registry+https://github.com/rust-lang/crates.io-index"
checksum = "2304e00983f87ffb38b55b444b5e3b60a884b5d30c0fca7d82fe33449bbe55ea"

[[package]]
name = "indexmap"
version = "2.4.0"
source = "registry+https://github.com/rust-lang/crates.io-index"
checksum = "93ead53efc7ea8ed3cfb0c79fc8023fbb782a5432b52830b6518941cebe6505c"
dependencies = [
 "equivalent",
 "hashbrown",
]

[[package]]
name = "is_terminal_polyfill"
version = "1.70.0"
source = "registry+https://github.com/rust-lang/crates.io-index"
checksum = "f8478577c03552c21db0e2724ffb8986a5ce7af88107e6be5d2ee6e158c12800"

[[package]]
name = "itoa"
version = "1.0.11"
source = "registry+https://github.com/rust-lang/crates.io-index"
checksum = "49f1f14873335454500d59611f1cf4a4b0f786f9ac11f4312a78e4cf2566695b"

[[package]]
name = "lazy_static"
version = "1.4.0"
source = "registry+https://github.com/rust-lang/crates.io-index"
checksum = "e2abad23fbc42b3700f2f279844dc832adb2b2eb069b2df918f455c4e18cc646"

[[package]]
name = "libc"
version = "0.2.158"
source = "registry+https://github.com/rust-lang/crates.io-index"
checksum = "d8adc4bb1803a324070e64a98ae98f38934d91957a99cfb3a43dcbc01bc56439"

[[package]]
name = "libyml"
version = "0.0.4"
source = "registry+https://github.com/rust-lang/crates.io-index"
checksum = "64804cc6a5042d4f05379909ba25b503ec04e2c082151d62122d5dcaa274b961"

[[package]]
name = "linux-raw-sys"
version = "0.4.14"
source = "registry+https://github.com/rust-lang/crates.io-index"
checksum = "78b3ae25bc7c8c38cec158d1f2757ee79e9b3740fbc7ccf0e59e4b08d793fa89"

[[package]]
name = "log"
version = "0.4.22"
source = "registry+https://github.com/rust-lang/crates.io-index"
checksum = "a7a70ba024b9dc04c27ea2f0c0548feb474ec5c54bba33a7f72f873a39d07b24"

[[package]]
name = "logos"
version = "0.14.0"
source = "registry+https://github.com/rust-lang/crates.io-index"
checksum = "161971eb88a0da7ae0c333e1063467c5b5727e7fb6b710b8db4814eade3a42e8"
dependencies = [
 "logos-derive",
]

[[package]]
name = "logos-codegen"
version = "0.14.0"
source = "registry+https://github.com/rust-lang/crates.io-index"
checksum = "8e31badd9de5131fdf4921f6473d457e3dd85b11b7f091ceb50e4df7c3eeb12a"
dependencies = [
 "beef",
 "fnv",
 "lazy_static",
 "proc-macro2",
 "quote",
 "regex-syntax",
 "syn",
]

[[package]]
name = "logos-derive"
version = "0.14.0"
source = "registry+https://github.com/rust-lang/crates.io-index"
checksum = "1c2a69b3eb68d5bd595107c9ee58d7e07fe2bb5e360cc85b0f084dedac80de0a"
dependencies = [
 "logos-codegen",
]

[[package]]
name = "memchr"
version = "2.7.4"
source = "registry+https://github.com/rust-lang/crates.io-index"
checksum = "78ca9ab1a0babb1e7d5695e3530886289c18cf2f87ec19a575a0abdce112e3a3"

[[package]]
name = "once_cell"
version = "1.19.0"
source = "registry+https://github.com/rust-lang/crates.io-index"
checksum = "3fdb12b2476b595f9358c5161aa467c2438859caa136dec86c26fdd2efe17b92"

[[package]]
name = "proc-macro2"
version = "1.0.81"
source = "registry+https://github.com/rust-lang/crates.io-index"
checksum = "3d1597b0c024618f09a9c3b8655b7e430397a36d23fdafec26d6965e9eec3eba"
dependencies = [
 "unicode-ident",
]

[[package]]
name = "quote"
version = "1.0.36"
source = "registry+https://github.com/rust-lang/crates.io-index"
checksum = "0fa76aaf39101c457836aec0ce2316dbdc3ab723cdda1c6bd4e6ad4208acaca7"
dependencies = [
 "proc-macro2",
]

[[package]]
name = "regex-syntax"
version = "0.8.3"
source = "registry+https://github.com/rust-lang/crates.io-index"
checksum = "adad44e29e4c806119491a7f06f03de4d1af22c3a680dd47f1e6e179439d1f56"

[[package]]
name = "rustix"
version = "0.38.34"
source = "registry+https://github.com/rust-lang/crates.io-index"
checksum = "70dc5ec042f7a43c4a73241207cecc9873a06d45debb38b329f8541d85c2730f"
dependencies = [
 "bitflags",
 "errno",
 "libc",
 "linux-raw-sys",
 "windows-sys 0.52.0",
]

[[package]]
name = "ryu"
version = "1.0.18"
source = "registry+https://github.com/rust-lang/crates.io-index"
checksum = "f3cb5ba0dc43242ce17de99c180e96db90b235b8a9fdc9543c96d2209116bd9f"

[[package]]
name = "serde"
version = "1.0.208"
source = "registry+https://github.com/rust-lang/crates.io-index"
checksum = "cff085d2cb684faa248efb494c39b68e522822ac0de72ccf08109abde717cfb2"
dependencies = [
 "serde_derive",
]

[[package]]
name = "serde_derive"
version = "1.0.208"
source = "registry+https://github.com/rust-lang/crates.io-index"
checksum = "24008e81ff7613ed8e5ba0cfaf24e2c2f1e5b8a0495711e44fcd4882fca62bcf"
dependencies = [
 "proc-macro2",
 "quote",
 "syn",
]

[[package]]
name = "serde_json"
version = "1.0.125"
source = "registry+https://github.com/rust-lang/crates.io-index"
checksum = "83c8e735a073ccf5be70aa8066aa984eaf2fa000db6c8d0100ae605b366d31ed"
dependencies = [
 "itoa",
 "memchr",
 "ryu",
 "serde",
]

[[package]]
name = "serde_yml"
version = "0.0.11"
source = "registry+https://github.com/rust-lang/crates.io-index"
checksum = "48e76bab63c3fd98d27c17f9cbce177f64a91f5e69ac04cafe04e1bb25d1dc3c"
dependencies = [
 "indexmap",
 "itoa",
 "libyml",
 "log",
 "memchr",
 "ryu",
 "serde",
 "serde_json",
 "tempfile",
]

[[package]]
name = "strsim"
version = "0.11.1"
source = "registry+https://github.com/rust-lang/crates.io-index"
checksum = "7da8b5736845d9f2fcb837ea5d9e2628564b3b043a70948a3f0b778838c5fb4f"

[[package]]
name = "syn"
version = "2.0.60"
source = "registry+https://github.com/rust-lang/crates.io-index"
checksum = "909518bc7b1c9b779f1bbf07f2929d35af9f0f37e47c6e9ef7f9dddc1e1821f3"
dependencies = [
 "proc-macro2",
 "quote",
 "unicode-ident",
]

[[package]]
name = "tempfile"
version = "3.12.0"
source = "registry+https://github.com/rust-lang/crates.io-index"
checksum = "04cbcdd0c794ebb0d4cf35e88edd2f7d2c4c3e9a5a6dab322839b321c6a87a64"
dependencies = [
 "cfg-if",
 "fastrand",
 "once_cell",
 "rustix",
 "windows-sys 0.59.0",
]

[[package]]
name = "thiserror"
version = "1.0.58"
source = "registry+https://github.com/rust-lang/crates.io-index"
checksum = "03468839009160513471e86a034bb2c5c0e4baae3b43f79ffc55c4a5427b3297"
dependencies = [
 "thiserror-impl",
]

[[package]]
name = "thiserror-impl"
version = "1.0.58"
source = "registry+https://github.com/rust-lang/crates.io-index"
checksum = "c61f3ba182994efc43764a46c018c347bc492c79f024e705f46567b418f6d4f7"
dependencies = [
 "proc-macro2",
 "quote",
 "syn",
]

[[package]]
name = "unicode-ident"
version = "1.0.12"
source = "registry+https://github.com/rust-lang/crates.io-index"
checksum = "3354b9ac3fae1ff6755cb6db53683adb661634f67557942dea4facebec0fee4b"

[[package]]
name = "utf8parse"
version = "0.2.1"
source = "registry+https://github.com/rust-lang/crates.io-index"
checksum = "711b9620af191e0cdc7468a8d14e709c3dcdb115b36f838e601583af800a370a"

[[package]]
name = "windows-sys"
version = "0.52.0"
source = "registry+https://github.com/rust-lang/crates.io-index"
checksum = "282be5f36a8ce781fad8c8ae18fa3f9beff57ec1b52cb3de0789201425d9a33d"
dependencies = [
 "windows-targets",
]

[[package]]
name = "windows-sys"
version = "0.59.0"
source = "registry+https://github.com/rust-lang/crates.io-index"
checksum = "1e38bc4d79ed67fd075bcc251a1c39b32a1776bbe92e5bef1f0bf1f8c531853b"
dependencies = [
 "windows-targets",
]

[[package]]
name = "windows-targets"
version = "0.52.6"
source = "registry+https://github.com/rust-lang/crates.io-index"
checksum = "9b724f72796e036ab90c1021d4780d4d3d648aca59e491e6b98e725b84e99973"
dependencies = [
 "windows_aarch64_gnullvm",
 "windows_aarch64_msvc",
 "windows_i686_gnu",
 "windows_i686_gnullvm",
 "windows_i686_msvc",
 "windows_x86_64_gnu",
 "windows_x86_64_gnullvm",
 "windows_x86_64_msvc",
]

[[package]]
name = "windows_aarch64_gnullvm"
version = "0.52.6"
source = "registry+https://github.com/rust-lang/crates.io-index"
checksum = "32a4622180e7a0ec044bb555404c800bc9fd9ec262ec147edd5989ccd0c02cd3"

[[package]]
name = "windows_aarch64_msvc"
version = "0.52.6"
source = "registry+https://github.com/rust-lang/crates.io-index"
checksum = "09ec2a7bb152e2252b53fa7803150007879548bc709c039df7627cabbd05d469"

[[package]]
name = "windows_i686_gnu"
version = "0.52.6"
source = "registry+https://github.com/rust-lang/crates.io-index"
checksum = "8e9b5ad5ab802e97eb8e295ac6720e509ee4c243f69d781394014ebfe8bbfa0b"

[[package]]
name = "windows_i686_gnullvm"
version = "0.52.6"
source = "registry+https://github.com/rust-lang/crates.io-index"
checksum = "0eee52d38c090b3caa76c563b86c3a4bd71ef1a819287c19d586d7334ae8ed66"

[[package]]
name = "windows_i686_msvc"
version = "0.52.6"
source = "registry+https://github.com/rust-lang/crates.io-index"
checksum = "240948bc05c5e7c6dabba28bf89d89ffce3e303022809e73deaefe4f6ec56c66"

[[package]]
name = "windows_x86_64_gnu"
version = "0.52.6"
source = "registry+https://github.com/rust-lang/crates.io-index"
checksum = "147a5c80aabfbf0c7d901cb5895d1de30ef2907eb21fbbab29ca94c5b08b1a78"

[[package]]
name = "windows_x86_64_gnullvm"
version = "0.52.6"
source = "registry+https://github.com/rust-lang/crates.io-index"
checksum = "24d5b23dc417412679681396f2b49f3de8c1473deb516bd34410872eff51ed0d"

[[package]]
name = "windows_x86_64_msvc"
version = "0.52.6"
source = "registry+https://github.com/rust-lang/crates.io-index"
checksum = "589f6da84c646204747d1270a2a5661ea66ed1cced2631d546fdfb155959f9ec"
